
Microsoft Visual Studio Solution File, Format Version 12.00
# Visual Studio Version 17
VisualStudioVersion = 17.9.34728.123
MinimumVisualStudioVersion = 10.0.40219.1
Project("{2150E333-8FDC-42A3-9474-1A3956D46DE8}") = "src", "src", "{F03548AF-C312-477E-B746-6ACAA9A3E4A0}"
EndProject
Project("{FAE04EC0-301F-11D3-BF4B-00C04F79EFBC}") = "Domain", "Domain\Domain.csproj", "{453127EF-6E8F-496E-84F8-081B097F5540}"
EndProject
Global
	GlobalSection(SolutionConfigurationPlatforms) = preSolution
		Debug|Any CPU = Debug|Any CPU
		Release|Any CPU = Release|Any CPU
	EndGlobalSection
	GlobalSection(ProjectConfigurationPlatforms) = postSolution
		{453127EF-6E8F-496E-84F8-081B097F5540}.Debug|Any CPU.ActiveCfg = Debug|Any CPU
		{453127EF-6E8F-496E-84F8-081B097F5540}.Debug|Any CPU.Build.0 = Debug|Any CPU
		{453127EF-6E8F-496E-84F8-081B097F5540}.Release|Any CPU.ActiveCfg = Release|Any CPU
		{453127EF-6E8F-496E-84F8-081B097F5540}.Release|Any CPU.Build.0 = Release|Any CPU
	EndGlobalSection
	GlobalSection(SolutionProperties) = preSolution
		HideSolutionNode = FALSE
	EndGlobalSection
	GlobalSection(NestedProjects) = preSolution
		{453127EF-6E8F-496E-84F8-081B097F5540} = {F03548AF-C312-477E-B746-6ACAA9A3E4A0}
	EndGlobalSection
	GlobalSection(ExtensibilityGlobals) = postSolution
		SolutionGuid = {F9124DE1-57E8-49DE-8799-89938882E69E}
	EndGlobalSection
EndGlobal
